// !$*UTF8*$!
{
	archiveVersion = 1;
	classes = {
	};
	objectVersion = 46;
	objects = {

/* Begin PBXBuildFile section */
		0207DA581B56EA530066E2B4 /* Images.xcassets in Resources */ = {isa = PBXBuildFile; fileRef = 0207DA571B56EA530066E2B4 /* Images.xcassets */; };
		0239E81898E7421B86B68B1C /* GCDWebServerFileResponse.m in Sources */ = {isa = PBXBuildFile; fileRef = 1C8AE4F57FCD42CC9034A145 /* GCDWebServerFileResponse.m */; };
		07575BCAAD9247E1B92634C2 /* CDVWKWebViewEngine.m in Sources */ = {isa = PBXBuildFile; fileRef = 53824A288C3040B2902DE752 /* CDVWKWebViewEngine.m */; };
		10BD87DBE3474CBE94CF7CC7 /* GCDWebServerStreamedResponse.m in Sources */ = {isa = PBXBuildFile; fileRef = 7F7145F203B14B77B44FA664 /* GCDWebServerStreamedResponse.m */; };
		114B8F6ED4A0449DBBD0B398 /* GCDWebServerResponse.m in Sources */ = {isa = PBXBuildFile; fileRef = BABABADBE953454AAC229DC6 /* GCDWebServerResponse.m */; };
		176637FCBC72426892E1755D /* CBTBrowserTab.m in Sources */ = {isa = PBXBuildFile; fileRef = 98A7CB3B3C4E414388298461 /* CBTBrowserTab.m */; };
		18C075D6E23443FDABDADD2B /* IonicKeyboard.m in Sources */ = {isa = PBXBuildFile; fileRef = BBE84420F2194E6CB45C5509 /* IonicKeyboard.m */; };
		1A1E6CA6963C468DA85B5546 /* CDVIonicKeyboard.m in Sources */ = {isa = PBXBuildFile; fileRef = D6504C6AAA9042979BCDA487 /* CDVIonicKeyboard.m */; };
		1D3623260D0F684500981E51 /* AppDelegate.m in Sources */ = {isa = PBXBuildFile; fileRef = 1D3623250D0F684500981E51 /* AppDelegate.m */; };
		1D60589B0D05DD56006BFB54 /* main.m in Sources */ = {isa = PBXBuildFile; fileRef = 29B97316FDCFA39411CA2CEA /* main.m */; };
		1E7EBD259A6E4690ADB4EE34 /* libz.tbd in Frameworks */ = {isa = PBXBuildFile; fileRef = B9C1B62B0F4C4F9E9946870D /* libz.tbd */; };
		2F429805783C4D4EBA564053 /* GCDWebServer.m in Sources */ = {isa = PBXBuildFile; fileRef = 214BEDE648844271929DD540 /* GCDWebServer.m */; };
		301BF552109A68D80062928A /* libCordova.a in Frameworks */ = {isa = PBXBuildFile; fileRef = 301BF535109A57CC0062928A /* libCordova.a */; };
		302D95F114D2391D003F00A1 /* MainViewController.m in Sources */ = {isa = PBXBuildFile; fileRef = 302D95EF14D2391D003F00A1 /* MainViewController.m */; };
		302D95F214D2391D003F00A1 /* MainViewController.xib in Resources */ = {isa = PBXBuildFile; fileRef = 302D95F014D2391D003F00A1 /* MainViewController.xib */; };
		30AA5250A86D4274A37391F2 /* Security.framework in Frameworks */ = {isa = PBXBuildFile; fileRef = 19972B6A270844A2AAFF6D8E /* Security.framework */; };
		3D92757E844847239089F601 /* sqlite3.c in Sources */ = {isa = PBXBuildFile; fileRef = 68F4274D27EF489EAB64C3CC /* sqlite3.c */; settings = {COMPILER_FLAGS = "-w -DSQLITE_THREADSAFE=2 -DSQLITE_DEFAULT_MEMSTATUS=0 -DSQLITE_OMIT_DECLTYPE -DSQLITE_OMIT_DEPRECATED -DSQLITE_OMIT_PROGRESS_CALLBACK -DSQLITE_OMIT_SHARED_CACHE -DSQLITE_TEMP_STORE=2 -DSQLITE_OMIT_LOAD_EXTENSION -DSQLITE_ENABLE_FTS3 -DSQLITE_ENABLE_FTS3_PARENTHESIS -DSQLITE_ENABLE_FTS4 -DSQLITE_ENABLE_RTREE -DSQLITE_DEFAULT_PAGE_SIZE=1024 -DSQLITE_DEFAULT_CACHE_SIZE=2000"; }; };
		41ECF4F2E2C14C19867B95BC /* GCDWebServerDataRequest.m in Sources */ = {isa = PBXBuildFile; fileRef = 4BCCF933908B4BB39C748927 /* GCDWebServerDataRequest.m */; };
		4A274327F8CE408B9ED1C9D0 /* CDVWKWebViewUIDelegate.m in Sources */ = {isa = PBXBuildFile; fileRef = 13F489B55B2847D7B72804A5 /* CDVWKWebViewUIDelegate.m */; };
		4E9F8297A7FE455CA5480069 /* LocalAuthentication.framework in Frameworks */ = {isa = PBXBuildFile; fileRef = E42BEA4CA8A5429BBF50C49D /* LocalAuthentication.framework */; };
		5BEE263918BD454281A4C079 /* GCDWebServerRequest.m in Sources */ = {isa = PBXBuildFile; fileRef = 4CF1C4A9BC7F4D05A9042B48 /* GCDWebServerRequest.m */; };
		625A2137E7374827AADF5163 /* EventKitUI.framework in Frameworks */ = {isa = PBXBuildFile; fileRef = A63A02FEDC8349A2AF86CECF /* EventKitUI.framework */; };
		6AFF5BF91D6E424B00AB3073 /* CDVLaunchScreen.storyboard in Resources */ = {isa = PBXBuildFile; fileRef = 6AFF5BF81D6E424B00AB3073 /* CDVLaunchScreen.storyboard */; };
		6C7B40E2D68C4AD2AE4EC785 /* CDVViewController+SplashScreen.m in Sources */ = {isa = PBXBuildFile; fileRef = 60327BB995BD4A6EAB5B1288 /* CDVViewController+SplashScreen.m */; };
		74F3B8C7ECBA44E3894FD7B0 /* WebKit.framework in Frameworks */ = {isa = PBXBuildFile; fileRef = 5A26C4B9DC054DFFA0CC71CA /* WebKit.framework */; settings = {ATTRIBUTES = (Weak, ); }; };
		7E1A2CB515DF4AB5B86B9B84 /* KeychainWrapper.m in Sources */ = {isa = PBXBuildFile; fileRef = 78D5EED0539E4F8EAB14DDEB /* KeychainWrapper.m */; };
		83F2053B7CE84C8DB74677D3 /* APPEmailComposerImpl.m in Sources */ = {isa = PBXBuildFile; fileRef = 39CDE50FDCAE4F15842CDC2C /* APPEmailComposerImpl.m */; };
		88984343702E4AB6ACF1BF87 /* GCDWebServerFunctions.m in Sources */ = {isa = PBXBuildFile; fileRef = C49EC5559D014E1DA9E4BCA6 /* GCDWebServerFunctions.m */; };
		88E18D9EE17549D39B11E3B2 /* GCDWebServerURLEncodedFormRequest.m in Sources */ = {isa = PBXBuildFile; fileRef = C60E82E9A9404FF7B279F741 /* GCDWebServerURLEncodedFormRequest.m */; };
		9D28B63518CD4AE1919E7EC9 /* TouchID.m in Sources */ = {isa = PBXBuildFile; fileRef = 24CD3A5AE6F94DAAA901AD32 /* TouchID.m */; };
		9D7C42692C2E4170942E8F17 /* SQLitePlugin.m in Sources */ = {isa = PBXBuildFile; fileRef = 224CFBD2C9804AE5A687220C /* SQLitePlugin.m */; };
		A0F321B1ECE847639D2E264F /* CFCallNumber.m in Sources */ = {isa = PBXBuildFile; fileRef = 63B1F514B6B14AEA99F16DA2 /* CFCallNumber.m */; };
		A21F119C68534CF9A703F079 /* CDVDevice.m in Sources */ = {isa = PBXBuildFile; fileRef = 5F2814E0C27B45AA84135A48 /* CDVDevice.m */; };
		A664266C35034E29BCCB73B3 /* Foundation.framework in Frameworks */ = {isa = PBXBuildFile; fileRef = 62A4C08B9F9646669321734F /* Foundation.framework */; };
		A70C413F7D384CBBAFA69BBA /* MessageUI.framework in Frameworks */ = {isa = PBXBuildFile; fileRef = A8B6F443472D4B8989E3ED94 /* MessageUI.framework */; };
		B8FC5A55E1B14CC598DDA8A9 /* GCDWebServerFileRequest.m in Sources */ = {isa = PBXBuildFile; fileRef = E16559C5B84B4DC380AD97B7 /* GCDWebServerFileRequest.m */; };
		C0666EC356EE426EB47B7F70 /* Calendar.m in Sources */ = {isa = PBXBuildFile; fileRef = B68AB1376D4F4B7A8036643F /* Calendar.m */; };
		C49EDB88FFA846D98464583E /* EventKit.framework in Frameworks */ = {isa = PBXBuildFile; fileRef = A97BFA4A54AF4FA482A87C2B /* EventKit.framework */; };
		CAF5326CE8EC4B4AA68388AA /* PSPDFThreadSafeMutableDictionary.m in Sources */ = {isa = PBXBuildFile; fileRef = 9F1A27102314446782595254 /* PSPDFThreadSafeMutableDictionary.m */; settings = {COMPILER_FLAGS = "-w"; }; };
		CF1EE69553224FAFA914010A /* APPEmailComposer.m in Sources */ = {isa = PBXBuildFile; fileRef = 50EE5FD5D9E444BF95F59520 /* APPEmailComposer.m */; };
		D9F9747755B245FDBB1F49B5 /* GCDWebServerMultiPartFormRequest.m in Sources */ = {isa = PBXBuildFile; fileRef = A0F5B220EC294CD3A564A2B7 /* GCDWebServerMultiPartFormRequest.m */; };
		DC65C6950E604B51A3F281C0 /* CDVSplashScreen.m in Sources */ = {isa = PBXBuildFile; fileRef = FAC20E25279C40EE9ABD9234 /* CDVSplashScreen.m */; };
		DFC62A12C1DC436FA21CC0B1 /* GCDWebServerErrorResponse.m in Sources */ = {isa = PBXBuildFile; fileRef = 97A3A582B0AB49C98EFA6296 /* GCDWebServerErrorResponse.m */; };
		EF93B4E4995D4F84BD0725C0 /* GCDWebServerDataResponse.m in Sources */ = {isa = PBXBuildFile; fileRef = EF57237E0C8A42F7BA390C86 /* GCDWebServerDataResponse.m */; };
		EFACE14B21204FA7B0893F32 /* SafariServices.framework in Frameworks */ = {isa = PBXBuildFile; fileRef = F8A7634EA3CA4F569FB44D96 /* SafariServices.framework */; settings = {ATTRIBUTES = (Weak, ); }; };
		F23EF78C7C7B49218E9D8E1A /* GCDWebServerConnection.m in Sources */ = {isa = PBXBuildFile; fileRef = 99C3BD1EF7E24740B50B2F2E /* GCDWebServerConnection.m */; };
		F2BB0BD5BF2245DD80B2223C /* CDVWKProcessPoolFactory.m in Sources */ = {isa = PBXBuildFile; fileRef = 31F9C56062074436BBC4361D /* CDVWKProcessPoolFactory.m */; };
/* End PBXBuildFile section */

/* Begin PBXContainerItemProxy section */
		301BF534109A57CC0062928A /* PBXContainerItemProxy */ = {
			isa = PBXContainerItemProxy;
			containerPortal = 301BF52D109A57CC0062928A /* CordovaLib/CordovaLib.xcodeproj */;
			proxyType = 2;
			remoteGlobalIDString = D2AAC07E0554694100DB518D;
			remoteInfo = CordovaLib;
		};
		301BF550109A68C00062928A /* PBXContainerItemProxy */ = {
			isa = PBXContainerItemProxy;
			containerPortal = 301BF52D109A57CC0062928A /* CordovaLib/CordovaLib.xcodeproj */;
			proxyType = 1;
			remoteGlobalIDString = D2AAC07D0554694100DB518D;
			remoteInfo = CordovaLib;
		};
		DED2BD572223A2AC0035CAB6 /* PBXContainerItemProxy */ = {
			isa = PBXContainerItemProxy;
			containerPortal = 301BF52D109A57CC0062928A /* CordovaLib/CordovaLib.xcodeproj */;
			proxyType = 2;
			remoteGlobalIDString = C0C01EB21E3911D50056E6CB;
			remoteInfo = Cordova;
		};
/* End PBXContainerItemProxy section */

/* Begin PBXFileReference section */
		00C1DA8F59E94777B5B92EFC /* CDVWKProcessPoolFactory.h */ = {isa = PBXFileReference; explicitFileType = undefined; fileEncoding = 4; includeInIndex = 0; lastKnownFileType = sourcecode.c.h; name = CDVWKProcessPoolFactory.h; path = "cordova-plugin-ionic-webview/CDVWKProcessPoolFactory.h"; sourceTree = "<group>"; };
		0207DA571B56EA530066E2B4 /* Images.xcassets */ = {isa = PBXFileReference; lastKnownFileType = folder.assetcatalog; name = Images.xcassets; path = SevenCRM/Images.xcassets; sourceTree = SOURCE_ROOT; };
		0C06A11DE69F41708354A0D0 /* TouchID.h */ = {isa = PBXFileReference; explicitFileType = undefined; fileEncoding = 4; includeInIndex = 0; lastKnownFileType = sourcecode.c.h; name = TouchID.h; path = "cordova-plugin-keychain-touch-id/TouchID.h"; sourceTree = "<group>"; };
		120184BEE2BA405E9412B0FC /* GCDWebServerStreamedResponse.h */ = {isa = PBXFileReference; explicitFileType = undefined; fileEncoding = 4; includeInIndex = 0; lastKnownFileType = sourcecode.c.h; name = GCDWebServerStreamedResponse.h; path = "cordova-plugin-ionic-webview/GCDWebServerStreamedResponse.h"; sourceTree = "<group>"; };
		13F489B55B2847D7B72804A5 /* CDVWKWebViewUIDelegate.m */ = {isa = PBXFileReference; explicitFileType = undefined; fileEncoding = 4; includeInIndex = 0; lastKnownFileType = sourcecode.c.objc; name = CDVWKWebViewUIDelegate.m; path = "cordova-plugin-ionic-webview/CDVWKWebViewUIDelegate.m"; sourceTree = "<group>"; };
		16A2627C9178449B88505E5A /* SQLitePlugin.h */ = {isa = PBXFileReference; explicitFileType = undefined; fileEncoding = 4; includeInIndex = 0; lastKnownFileType = sourcecode.c.h; name = SQLitePlugin.h; path = "cordova-sqlite-storage/SQLitePlugin.h"; sourceTree = "<group>"; };
		19972B6A270844A2AAFF6D8E /* Security.framework */ = {isa = PBXFileReference; explicitFileType = undefined; fileEncoding = 9; includeInIndex = 0; lastKnownFileType = wrapper.framework; name = Security.framework; path = System/Library/Frameworks/Security.framework; sourceTree = SDKROOT; };
		19BD67EDBE2A4010860EEA5A /* GCDWebServerFunctions.h */ = {isa = PBXFileReference; explicitFileType = undefined; fileEncoding = 4; includeInIndex = 0; lastKnownFileType = sourcecode.c.h; name = GCDWebServerFunctions.h; path = "cordova-plugin-ionic-webview/GCDWebServerFunctions.h"; sourceTree = "<group>"; };
		1C8AE4F57FCD42CC9034A145 /* GCDWebServerFileResponse.m */ = {isa = PBXFileReference; explicitFileType = undefined; fileEncoding = 4; includeInIndex = 0; lastKnownFileType = sourcecode.c.objc; name = GCDWebServerFileResponse.m; path = "cordova-plugin-ionic-webview/GCDWebServerFileResponse.m"; sourceTree = "<group>"; };
		1D3623240D0F684500981E51 /* AppDelegate.h */ = {isa = PBXFileReference; fileEncoding = 4; lastKnownFileType = sourcecode.c.h; path = AppDelegate.h; sourceTree = "<group>"; };
		1D3623250D0F684500981E51 /* AppDelegate.m */ = {isa = PBXFileReference; fileEncoding = 4; lastKnownFileType = sourcecode.c.objc; path = AppDelegate.m; sourceTree = "<group>"; };
		1D6058910D05DD3D006BFB54 /* SevenCRM.app */ = {isa = PBXFileReference; explicitFileType = wrapper.application; includeInIndex = 0; path = SevenCRM.app; sourceTree = BUILT_PRODUCTS_DIR; };
		20B05496E195452BB4A64F57 /* PSPDFThreadSafeMutableDictionary.h */ = {isa = PBXFileReference; explicitFileType = undefined; fileEncoding = 4; includeInIndex = 0; lastKnownFileType = sourcecode.c.h; name = PSPDFThreadSafeMutableDictionary.h; path = "cordova-sqlite-storage/PSPDFThreadSafeMutableDictionary.h"; sourceTree = "<group>"; };
		214BEDE648844271929DD540 /* GCDWebServer.m */ = {isa = PBXFileReference; explicitFileType = undefined; fileEncoding = 4; includeInIndex = 0; lastKnownFileType = sourcecode.c.objc; name = GCDWebServer.m; path = "cordova-plugin-ionic-webview/GCDWebServer.m"; sourceTree = "<group>"; };
		224CFBD2C9804AE5A687220C /* SQLitePlugin.m */ = {isa = PBXFileReference; explicitFileType = undefined; fileEncoding = 4; includeInIndex = 0; lastKnownFileType = sourcecode.c.objc; name = SQLitePlugin.m; path = "cordova-sqlite-storage/SQLitePlugin.m"; sourceTree = "<group>"; };
		24CD3A5AE6F94DAAA901AD32 /* TouchID.m */ = {isa = PBXFileReference; explicitFileType = undefined; fileEncoding = 4; includeInIndex = 0; lastKnownFileType = sourcecode.c.objc; name = TouchID.m; path = "cordova-plugin-keychain-touch-id/TouchID.m"; sourceTree = "<group>"; };
		27BC19D8AB774A358E92BDE7 /* CDVIonicKeyboard.h */ = {isa = PBXFileReference; explicitFileType = undefined; fileEncoding = 4; includeInIndex = 0; lastKnownFileType = sourcecode.c.h; name = CDVIonicKeyboard.h; path = "cordova-plugin-ionic-keyboard/CDVIonicKeyboard.h"; sourceTree = "<group>"; };
		29B97316FDCFA39411CA2CEA /* main.m */ = {isa = PBXFileReference; fileEncoding = 4; lastKnownFileType = sourcecode.c.objc; path = main.m; sourceTree = "<group>"; };
		301BF52D109A57CC0062928A /* CordovaLib/CordovaLib.xcodeproj */ = {isa = PBXFileReference; lastKnownFileType = "wrapper.pb-project"; path = CordovaLib/CordovaLib.xcodeproj; sourceTree = "<group>"; };
		301BF56E109A69640062928A /* www */ = {isa = PBXFileReference; lastKnownFileType = folder; path = www; sourceTree = SOURCE_ROOT; };
		302D95EE14D2391D003F00A1 /* MainViewController.h */ = {isa = PBXFileReference; fileEncoding = 4; lastKnownFileType = sourcecode.c.h; path = MainViewController.h; sourceTree = "<group>"; };
		302D95EF14D2391D003F00A1 /* MainViewController.m */ = {isa = PBXFileReference; fileEncoding = 4; lastKnownFileType = sourcecode.c.objc; path = MainViewController.m; sourceTree = "<group>"; };
		302D95F014D2391D003F00A1 /* MainViewController.xib */ = {isa = PBXFileReference; fileEncoding = 4; lastKnownFileType = file.xib; path = MainViewController.xib; sourceTree = "<group>"; };
		3047A50F1AB8059700498E2A /* build-debug.xcconfig */ = {isa = PBXFileReference; fileEncoding = 4; lastKnownFileType = text.xcconfig; name = "build-debug.xcconfig"; path = "cordova/build-debug.xcconfig"; sourceTree = SOURCE_ROOT; };
		3047A5101AB8059700498E2A /* build-release.xcconfig */ = {isa = PBXFileReference; fileEncoding = 4; lastKnownFileType = text.xcconfig; name = "build-release.xcconfig"; path = "cordova/build-release.xcconfig"; sourceTree = SOURCE_ROOT; };
		3047A5111AB8059700498E2A /* build.xcconfig */ = {isa = PBXFileReference; fileEncoding = 4; lastKnownFileType = text.xcconfig; name = build.xcconfig; path = cordova/build.xcconfig; sourceTree = SOURCE_ROOT; };
		31F9C56062074436BBC4361D /* CDVWKProcessPoolFactory.m */ = {isa = PBXFileReference; explicitFileType = undefined; fileEncoding = 4; includeInIndex = 0; lastKnownFileType = sourcecode.c.objc; name = CDVWKProcessPoolFactory.m; path = "cordova-plugin-ionic-webview/CDVWKProcessPoolFactory.m"; sourceTree = "<group>"; };
		32CA4F630368D1EE00C91783 /* SevenCRM-Prefix.pch */ = {isa = PBXFileReference; fileEncoding = 4; lastKnownFileType = sourcecode.c.h; path = "SevenCRM-Prefix.pch"; sourceTree = "<group>"; };
		3777FD0DECBF43599CF918DF /* GCDWebServerDataResponse.h */ = {isa = PBXFileReference; explicitFileType = undefined; fileEncoding = 4; includeInIndex = 0; lastKnownFileType = sourcecode.c.h; name = GCDWebServerDataResponse.h; path = "cordova-plugin-ionic-webview/GCDWebServerDataResponse.h"; sourceTree = "<group>"; };
		39CDE50FDCAE4F15842CDC2C /* APPEmailComposerImpl.m */ = {isa = PBXFileReference; explicitFileType = undefined; fileEncoding = 4; includeInIndex = 0; lastKnownFileType = sourcecode.c.objc; name = APPEmailComposerImpl.m; path = "cordova-plugin-email-composer/APPEmailComposerImpl.m"; sourceTree = "<group>"; };
		4BCCF933908B4BB39C748927 /* GCDWebServerDataRequest.m */ = {isa = PBXFileReference; explicitFileType = undefined; fileEncoding = 4; includeInIndex = 0; lastKnownFileType = sourcecode.c.objc; name = GCDWebServerDataRequest.m; path = "cordova-plugin-ionic-webview/GCDWebServerDataRequest.m"; sourceTree = "<group>"; };
		4CF1C4A9BC7F4D05A9042B48 /* GCDWebServerRequest.m */ = {isa = PBXFileReference; explicitFileType = undefined; fileEncoding = 4; includeInIndex = 0; lastKnownFileType = sourcecode.c.objc; name = GCDWebServerRequest.m; path = "cordova-plugin-ionic-webview/GCDWebServerRequest.m"; sourceTree = "<group>"; };
		50E3CDF4A3BD43BE9FCD4A92 /* GCDWebServerURLEncodedFormRequest.h */ = {isa = PBXFileReference; explicitFileType = undefined; fileEncoding = 4; includeInIndex = 0; lastKnownFileType = sourcecode.c.h; name = GCDWebServerURLEncodedFormRequest.h; path = "cordova-plugin-ionic-webview/GCDWebServerURLEncodedFormRequest.h"; sourceTree = "<group>"; };
		50EE5FD5D9E444BF95F59520 /* APPEmailComposer.m */ = {isa = PBXFileReference; explicitFileType = undefined; fileEncoding = 4; includeInIndex = 0; lastKnownFileType = sourcecode.c.objc; name = APPEmailComposer.m; path = "cordova-plugin-email-composer/APPEmailComposer.m"; sourceTree = "<group>"; };
		53824A288C3040B2902DE752 /* CDVWKWebViewEngine.m */ = {isa = PBXFileReference; explicitFileType = undefined; fileEncoding = 4; includeInIndex = 0; lastKnownFileType = sourcecode.c.objc; name = CDVWKWebViewEngine.m; path = "cordova-plugin-ionic-webview/CDVWKWebViewEngine.m"; sourceTree = "<group>"; };
		551A948E2A0243729616760D /* APPEmailComposerImpl.h */ = {isa = PBXFileReference; explicitFileType = undefined; fileEncoding = 4; includeInIndex = 0; lastKnownFileType = sourcecode.c.h; name = APPEmailComposerImpl.h; path = "cordova-plugin-email-composer/APPEmailComposerImpl.h"; sourceTree = "<group>"; };
		55F87ABE99544551B712B880 /* GCDWebServerErrorResponse.h */ = {isa = PBXFileReference; explicitFileType = undefined; fileEncoding = 4; includeInIndex = 0; lastKnownFileType = sourcecode.c.h; name = GCDWebServerErrorResponse.h; path = "cordova-plugin-ionic-webview/GCDWebServerErrorResponse.h"; sourceTree = "<group>"; };
		5A26C4B9DC054DFFA0CC71CA /* WebKit.framework */ = {isa = PBXFileReference; explicitFileType = undefined; fileEncoding = 9; includeInIndex = 0; lastKnownFileType = wrapper.framework; name = WebKit.framework; path = System/Library/Frameworks/WebKit.framework; sourceTree = SDKROOT; };
		5F2814E0C27B45AA84135A48 /* CDVDevice.m */ = {isa = PBXFileReference; explicitFileType = undefined; fileEncoding = 4; includeInIndex = 0; lastKnownFileType = sourcecode.c.objc; name = CDVDevice.m; path = "cordova-plugin-device/CDVDevice.m"; sourceTree = "<group>"; };
		60327BB995BD4A6EAB5B1288 /* CDVViewController+SplashScreen.m */ = {isa = PBXFileReference; explicitFileType = undefined; fileEncoding = 4; includeInIndex = 0; lastKnownFileType = sourcecode.c.objc; name = "CDVViewController+SplashScreen.m"; path = "cordova-plugin-splashscreen/CDVViewController+SplashScreen.m"; sourceTree = "<group>"; };
		61E6511602754134B6A1EDA2 /* GCDWebServerConnection.h */ = {isa = PBXFileReference; explicitFileType = undefined; fileEncoding = 4; includeInIndex = 0; lastKnownFileType = sourcecode.c.h; name = GCDWebServerConnection.h; path = "cordova-plugin-ionic-webview/GCDWebServerConnection.h"; sourceTree = "<group>"; };
		624F37F6DCBA454B9B94180B /* GCDWebServer.h */ = {isa = PBXFileReference; explicitFileType = undefined; fileEncoding = 4; includeInIndex = 0; lastKnownFileType = sourcecode.c.h; name = GCDWebServer.h; path = "cordova-plugin-ionic-webview/GCDWebServer.h"; sourceTree = "<group>"; };
		62A4C08B9F9646669321734F /* Foundation.framework */ = {isa = PBXFileReference; explicitFileType = undefined; fileEncoding = 9; includeInIndex = 0; lastKnownFileType = wrapper.framework; name = Foundation.framework; path = System/Library/Frameworks/Foundation.framework; sourceTree = SDKROOT; };
		63B1F514B6B14AEA99F16DA2 /* CFCallNumber.m */ = {isa = PBXFileReference; explicitFileType = undefined; fileEncoding = 4; includeInIndex = 0; lastKnownFileType = sourcecode.c.objc; name = CFCallNumber.m; path = "call-number/CFCallNumber.m"; sourceTree = "<group>"; };
		68F4274D27EF489EAB64C3CC /* sqlite3.c */ = {isa = PBXFileReference; explicitFileType = undefined; fileEncoding = 9; includeInIndex = 0; lastKnownFileType = unknown; name = sqlite3.c; path = "cordova-sqlite-storage/sqlite3.c"; sourceTree = "<group>"; };
		6AFF5BF81D6E424B00AB3073 /* CDVLaunchScreen.storyboard */ = {isa = PBXFileReference; fileEncoding = 4; lastKnownFileType = file.storyboard; name = CDVLaunchScreen.storyboard; path = SevenCRM/CDVLaunchScreen.storyboard; sourceTree = SOURCE_ROOT; };
		76ECB900EA85485D94001ADE /* sqlite3.h */ = {isa = PBXFileReference; explicitFileType = undefined; fileEncoding = 4; includeInIndex = 0; lastKnownFileType = sourcecode.c.h; name = sqlite3.h; path = "cordova-sqlite-storage/sqlite3.h"; sourceTree = "<group>"; };
		7885991990524BFC8CC0EAAD /* CDVDevice.h */ = {isa = PBXFileReference; explicitFileType = undefined; fileEncoding = 4; includeInIndex = 0; lastKnownFileType = sourcecode.c.h; name = CDVDevice.h; path = "cordova-plugin-device/CDVDevice.h"; sourceTree = "<group>"; };
		78D5EED0539E4F8EAB14DDEB /* KeychainWrapper.m */ = {isa = PBXFileReference; explicitFileType = undefined; fileEncoding = 4; includeInIndex = 0; lastKnownFileType = sourcecode.c.objc; name = KeychainWrapper.m; path = "cordova-plugin-keychain-touch-id/KeychainWrapper.m"; sourceTree = "<group>"; };
		7F7145F203B14B77B44FA664 /* GCDWebServerStreamedResponse.m */ = {isa = PBXFileReference; explicitFileType = undefined; fileEncoding = 4; includeInIndex = 0; lastKnownFileType = sourcecode.c.objc; name = GCDWebServerStreamedResponse.m; path = "cordova-plugin-ionic-webview/GCDWebServerStreamedResponse.m"; sourceTree = "<group>"; };
		86AD1063DD5F464B874B69F2 /* GCDWebServerFileRequest.h */ = {isa = PBXFileReference; explicitFileType = undefined; fileEncoding = 4; includeInIndex = 0; lastKnownFileType = sourcecode.c.h; name = GCDWebServerFileRequest.h; path = "cordova-plugin-ionic-webview/GCDWebServerFileRequest.h"; sourceTree = "<group>"; };
		880346761515478AA480BA35 /* CDVWKWebViewEngine.h */ = {isa = PBXFileReference; explicitFileType = undefined; fileEncoding = 4; includeInIndex = 0; lastKnownFileType = sourcecode.c.h; name = CDVWKWebViewEngine.h; path = "cordova-plugin-ionic-webview/CDVWKWebViewEngine.h"; sourceTree = "<group>"; };
		8BAFE21322DA45268B8317FD /* CDVViewController+SplashScreen.h */ = {isa = PBXFileReference; explicitFileType = undefined; fileEncoding = 4; includeInIndex = 0; lastKnownFileType = sourcecode.c.h; name = "CDVViewController+SplashScreen.h"; path = "cordova-plugin-splashscreen/CDVViewController+SplashScreen.h"; sourceTree = "<group>"; };
		8D1107310486CEB800E47090 /* SevenCRM-Info.plist */ = {isa = PBXFileReference; fileEncoding = 4; lastKnownFileType = text.plist.xml; name = "SevenCRM-Info.plist"; path = "SevenCRM/SevenCRM-Info.plist"; plistStructureDefinitionIdentifier = "com.apple.xcode.plist.structure-definition.iphone.info-plist"; sourceTree = SOURCE_ROOT; };
		97A3A582B0AB49C98EFA6296 /* GCDWebServerErrorResponse.m */ = {isa = PBXFileReference; explicitFileType = undefined; fileEncoding = 4; includeInIndex = 0; lastKnownFileType = sourcecode.c.objc; name = GCDWebServerErrorResponse.m; path = "cordova-plugin-ionic-webview/GCDWebServerErrorResponse.m"; sourceTree = "<group>"; };
		98A7CB3B3C4E414388298461 /* CBTBrowserTab.m */ = {isa = PBXFileReference; explicitFileType = undefined; fileEncoding = 4; includeInIndex = 0; lastKnownFileType = sourcecode.c.objc; name = CBTBrowserTab.m; path = "cordova-plugin-browsertab/CBTBrowserTab.m"; sourceTree = "<group>"; };
		99C3BD1EF7E24740B50B2F2E /* GCDWebServerConnection.m */ = {isa = PBXFileReference; explicitFileType = undefined; fileEncoding = 4; includeInIndex = 0; lastKnownFileType = sourcecode.c.objc; name = GCDWebServerConnection.m; path = "cordova-plugin-ionic-webview/GCDWebServerConnection.m"; sourceTree = "<group>"; };
		9BD866B2A22A4C9E81A5A278 /* GCDWebServerPrivate.h */ = {isa = PBXFileReference; explicitFileType = undefined; fileEncoding = 4; includeInIndex = 0; lastKnownFileType = sourcecode.c.h; name = GCDWebServerPrivate.h; path = "cordova-plugin-ionic-webview/GCDWebServerPrivate.h"; sourceTree = "<group>"; };
		9D931EF2F9C545218AAA11C7 /* GCDWebServerHTTPStatusCodes.h */ = {isa = PBXFileReference; explicitFileType = undefined; fileEncoding = 4; includeInIndex = 0; lastKnownFileType = sourcecode.c.h; name = GCDWebServerHTTPStatusCodes.h; path = "cordova-plugin-ionic-webview/GCDWebServerHTTPStatusCodes.h"; sourceTree = "<group>"; };
		9F1A27102314446782595254 /* PSPDFThreadSafeMutableDictionary.m */ = {isa = PBXFileReference; explicitFileType = undefined; fileEncoding = 4; includeInIndex = 0; lastKnownFileType = sourcecode.c.objc; name = PSPDFThreadSafeMutableDictionary.m; path = "cordova-sqlite-storage/PSPDFThreadSafeMutableDictionary.m"; sourceTree = "<group>"; };
		A0F5B220EC294CD3A564A2B7 /* GCDWebServerMultiPartFormRequest.m */ = {isa = PBXFileReference; explicitFileType = undefined; fileEncoding = 4; includeInIndex = 0; lastKnownFileType = sourcecode.c.objc; name = GCDWebServerMultiPartFormRequest.m; path = "cordova-plugin-ionic-webview/GCDWebServerMultiPartFormRequest.m"; sourceTree = "<group>"; };
		A63A02FEDC8349A2AF86CECF /* EventKitUI.framework */ = {isa = PBXFileReference; explicitFileType = undefined; fileEncoding = 9; includeInIndex = 0; lastKnownFileType = wrapper.framework; name = EventKitUI.framework; path = System/Library/Frameworks/EventKitUI.framework; sourceTree = SDKROOT; };
		A8B6F443472D4B8989E3ED94 /* MessageUI.framework */ = {isa = PBXFileReference; explicitFileType = undefined; fileEncoding = 9; includeInIndex = 0; lastKnownFileType = wrapper.framework; name = MessageUI.framework; path = System/Library/Frameworks/MessageUI.framework; sourceTree = SDKROOT; };
		A97BFA4A54AF4FA482A87C2B /* EventKit.framework */ = {isa = PBXFileReference; explicitFileType = undefined; fileEncoding = 9; includeInIndex = 0; lastKnownFileType = wrapper.framework; name = EventKit.framework; path = System/Library/Frameworks/EventKit.framework; sourceTree = SDKROOT; };
		AAE16E9415F742A594166618 /* IonicKeyboard.h */ = {isa = PBXFileReference; explicitFileType = undefined; fileEncoding = 4; includeInIndex = 0; lastKnownFileType = sourcecode.c.h; name = IonicKeyboard.h; path = "ionic-plugin-keyboard/IonicKeyboard.h"; sourceTree = "<group>"; };
		AE794259CD114A55B03DB6D1 /* Calendar.h */ = {isa = PBXFileReference; explicitFileType = undefined; fileEncoding = 4; includeInIndex = 0; lastKnownFileType = sourcecode.c.h; name = Calendar.h; path = "cordova-plugin-calendar/Calendar.h"; sourceTree = "<group>"; };
		B68AB1376D4F4B7A8036643F /* Calendar.m */ = {isa = PBXFileReference; explicitFileType = undefined; fileEncoding = 4; includeInIndex = 0; lastKnownFileType = sourcecode.c.objc; name = Calendar.m; path = "cordova-plugin-calendar/Calendar.m"; sourceTree = "<group>"; };
		B9C1B62B0F4C4F9E9946870D /* libz.tbd */ = {isa = PBXFileReference; explicitFileType = undefined; fileEncoding = 9; includeInIndex = 0; lastKnownFileType = "sourcecode.text-based-dylib-definition"; name = libz.tbd; path = usr/lib/libz.tbd; sourceTree = SDKROOT; };
		BABABADBE953454AAC229DC6 /* GCDWebServerResponse.m */ = {isa = PBXFileReference; explicitFileType = undefined; fileEncoding = 4; includeInIndex = 0; lastKnownFileType = sourcecode.c.objc; name = GCDWebServerResponse.m; path = "cordova-plugin-ionic-webview/GCDWebServerResponse.m"; sourceTree = "<group>"; };
		BBE84420F2194E6CB45C5509 /* IonicKeyboard.m */ = {isa = PBXFileReference; explicitFileType = undefined; fileEncoding = 4; includeInIndex = 0; lastKnownFileType = sourcecode.c.objc; name = IonicKeyboard.m; path = "ionic-plugin-keyboard/IonicKeyboard.m"; sourceTree = "<group>"; };
		C49EC5559D014E1DA9E4BCA6 /* GCDWebServerFunctions.m */ = {isa = PBXFileReference; explicitFileType = undefined; fileEncoding = 4; includeInIndex = 0; lastKnownFileType = sourcecode.c.objc; name = GCDWebServerFunctions.m; path = "cordova-plugin-ionic-webview/GCDWebServerFunctions.m"; sourceTree = "<group>"; };
		C60E82E9A9404FF7B279F741 /* GCDWebServerURLEncodedFormRequest.m */ = {isa = PBXFileReference; explicitFileType = undefined; fileEncoding = 4; includeInIndex = 0; lastKnownFileType = sourcecode.c.objc; name = GCDWebServerURLEncodedFormRequest.m; path = "cordova-plugin-ionic-webview/GCDWebServerURLEncodedFormRequest.m"; sourceTree = "<group>"; };
		C66EF2EB643C4F8195AF87BC /* GCDWebServerRequest.h */ = {isa = PBXFileReference; explicitFileType = undefined; fileEncoding = 4; includeInIndex = 0; lastKnownFileType = sourcecode.c.h; name = GCDWebServerRequest.h; path = "cordova-plugin-ionic-webview/GCDWebServerRequest.h"; sourceTree = "<group>"; };
		C86BF20B488445C289AA6EED /* GCDWebServerMultiPartFormRequest.h */ = {isa = PBXFileReference; explicitFileType = undefined; fileEncoding = 4; includeInIndex = 0; lastKnownFileType = sourcecode.c.h; name = GCDWebServerMultiPartFormRequest.h; path = "cordova-plugin-ionic-webview/GCDWebServerMultiPartFormRequest.h"; sourceTree = "<group>"; };
		C910AD6DC56E4B5EA2608EE4 /* CBTBrowserTab.h */ = {isa = PBXFileReference; explicitFileType = undefined; fileEncoding = 4; includeInIndex = 0; lastKnownFileType = sourcecode.c.h; name = CBTBrowserTab.h; path = "cordova-plugin-browsertab/CBTBrowserTab.h"; sourceTree = "<group>"; };
		CA776D036F7A47D198E12F0E /* GCDWebServerFileResponse.h */ = {isa = PBXFileReference; explicitFileType = undefined; fileEncoding = 4; includeInIndex = 0; lastKnownFileType = sourcecode.c.h; name = GCDWebServerFileResponse.h; path = "cordova-plugin-ionic-webview/GCDWebServerFileResponse.h"; sourceTree = "<group>"; };
		D204AE2B201447BC8B802366 /* APPEmailComposer.h */ = {isa = PBXFileReference; explicitFileType = undefined; fileEncoding = 4; includeInIndex = 0; lastKnownFileType = sourcecode.c.h; name = APPEmailComposer.h; path = "cordova-plugin-email-composer/APPEmailComposer.h"; sourceTree = "<group>"; };
		D6504C6AAA9042979BCDA487 /* CDVIonicKeyboard.m */ = {isa = PBXFileReference; explicitFileType = undefined; fileEncoding = 4; includeInIndex = 0; lastKnownFileType = sourcecode.c.objc; name = CDVIonicKeyboard.m; path = "cordova-plugin-ionic-keyboard/CDVIonicKeyboard.m"; sourceTree = "<group>"; };
		E13EA13CFFD34F959FF5B96F /* KeychainWrapper.h */ = {isa = PBXFileReference; explicitFileType = undefined; fileEncoding = 4; includeInIndex = 0; lastKnownFileType = sourcecode.c.h; name = KeychainWrapper.h; path = "cordova-plugin-keychain-touch-id/KeychainWrapper.h"; sourceTree = "<group>"; };
		E16559C5B84B4DC380AD97B7 /* GCDWebServerFileRequest.m */ = {isa = PBXFileReference; explicitFileType = undefined; fileEncoding = 4; includeInIndex = 0; lastKnownFileType = sourcecode.c.objc; name = GCDWebServerFileRequest.m; path = "cordova-plugin-ionic-webview/GCDWebServerFileRequest.m"; sourceTree = "<group>"; };
		E316135BE58E4E9AA076F3DF /* CFCallNumber.h */ = {isa = PBXFileReference; explicitFileType = undefined; fileEncoding = 4; includeInIndex = 0; lastKnownFileType = sourcecode.c.h; name = CFCallNumber.h; path = "call-number/CFCallNumber.h"; sourceTree = "<group>"; };
		E42BEA4CA8A5429BBF50C49D /* LocalAuthentication.framework */ = {isa = PBXFileReference; explicitFileType = undefined; fileEncoding = 9; includeInIndex = 0; lastKnownFileType = wrapper.framework; name = LocalAuthentication.framework; path = System/Library/Frameworks/LocalAuthentication.framework; sourceTree = SDKROOT; };
		E7E651FC662D45A2BBF2F658 /* CDVSplashScreen.h */ = {isa = PBXFileReference; explicitFileType = undefined; fileEncoding = 4; includeInIndex = 0; lastKnownFileType = sourcecode.c.h; name = CDVSplashScreen.h; path = "cordova-plugin-splashscreen/CDVSplashScreen.h"; sourceTree = "<group>"; };
		EB87FDF31871DA8E0020F90C /* www */ = {isa = PBXFileReference; lastKnownFileType = folder; name = www; path = ../../www; sourceTree = "<group>"; };
		EB87FDF41871DAF40020F90C /* config.xml */ = {isa = PBXFileReference; lastKnownFileType = text.xml; name = config.xml; path = ../../config.xml; sourceTree = "<group>"; };
		ED33DF2A687741AEAF9F8254 /* Bridging-Header.h */ = {isa = PBXFileReference; fileEncoding = 4; lastKnownFileType = sourcecode.c.h; path = "Bridging-Header.h"; sourceTree = "<group>"; };
		EF57237E0C8A42F7BA390C86 /* GCDWebServerDataResponse.m */ = {isa = PBXFileReference; explicitFileType = undefined; fileEncoding = 4; includeInIndex = 0; lastKnownFileType = sourcecode.c.objc; name = GCDWebServerDataResponse.m; path = "cordova-plugin-ionic-webview/GCDWebServerDataResponse.m"; sourceTree = "<group>"; };
		F0D546032A98462D8217B611 /* GCDWebServerResponse.h */ = {isa = PBXFileReference; explicitFileType = undefined; fileEncoding = 4; includeInIndex = 0; lastKnownFileType = sourcecode.c.h; name = GCDWebServerResponse.h; path = "cordova-plugin-ionic-webview/GCDWebServerResponse.h"; sourceTree = "<group>"; };
		F840E1F0165FE0F500CFE078 /* config.xml */ = {isa = PBXFileReference; lastKnownFileType = text.xml; name = config.xml; path = SevenCRM/config.xml; sourceTree = "<group>"; };
		F8A7634EA3CA4F569FB44D96 /* SafariServices.framework */ = {isa = PBXFileReference; explicitFileType = undefined; fileEncoding = 9; includeInIndex = 0; lastKnownFileType = wrapper.framework; name = SafariServices.framework; path = System/Library/Frameworks/SafariServices.framework; sourceTree = SDKROOT; };
		FAC20E25279C40EE9ABD9234 /* CDVSplashScreen.m */ = {isa = PBXFileReference; explicitFileType = undefined; fileEncoding = 4; includeInIndex = 0; lastKnownFileType = sourcecode.c.objc; name = CDVSplashScreen.m; path = "cordova-plugin-splashscreen/CDVSplashScreen.m"; sourceTree = "<group>"; };
		FB79532506EF4BC99A8D04D3 /* GCDWebServerDataRequest.h */ = {isa = PBXFileReference; explicitFileType = undefined; fileEncoding = 4; includeInIndex = 0; lastKnownFileType = sourcecode.c.h; name = GCDWebServerDataRequest.h; path = "cordova-plugin-ionic-webview/GCDWebServerDataRequest.h"; sourceTree = "<group>"; };
		FDFB4CC184AA4D3AA006F6BA /* CDVWKWebViewUIDelegate.h */ = {isa = PBXFileReference; explicitFileType = undefined; fileEncoding = 4; includeInIndex = 0; lastKnownFileType = sourcecode.c.h; name = CDVWKWebViewUIDelegate.h; path = "cordova-plugin-ionic-webview/CDVWKWebViewUIDelegate.h"; sourceTree = "<group>"; };
/* End PBXFileReference section */

/* Begin PBXFrameworksBuildPhase section */
		1D60588F0D05DD3D006BFB54 /* Frameworks */ = {
			isa = PBXFrameworksBuildPhase;
			buildActionMask = 2147483647;
			files = (
				301BF552109A68D80062928A /* libCordova.a in Frameworks */,
				EFACE14B21204FA7B0893F32 /* SafariServices.framework in Frameworks */,
				C49EDB88FFA846D98464583E /* EventKit.framework in Frameworks */,
				625A2137E7374827AADF5163 /* EventKitUI.framework in Frameworks */,
				1E7EBD259A6E4690ADB4EE34 /* libz.tbd in Frameworks */,
				A70C413F7D384CBBAFA69BBA /* MessageUI.framework in Frameworks */,
				74F3B8C7ECBA44E3894FD7B0 /* WebKit.framework in Frameworks */,
				30AA5250A86D4274A37391F2 /* Security.framework in Frameworks */,
				A664266C35034E29BCCB73B3 /* Foundation.framework in Frameworks */,
				4E9F8297A7FE455CA5480069 /* LocalAuthentication.framework in Frameworks */,
			);
			runOnlyForDeploymentPostprocessing = 0;
		};
/* End PBXFrameworksBuildPhase section */

/* Begin PBXGroup section */
		080E96DDFE201D6D7F000001 /* Classes */ = {
			isa = PBXGroup;
			children = (
				302D95EE14D2391D003F00A1 /* MainViewController.h */,
				302D95EF14D2391D003F00A1 /* MainViewController.m */,
				302D95F014D2391D003F00A1 /* MainViewController.xib */,
				1D3623240D0F684500981E51 /* AppDelegate.h */,
				1D3623250D0F684500981E51 /* AppDelegate.m */,
			);
			name = Classes;
			path = SevenCRM/Classes;
			sourceTree = SOURCE_ROOT;
		};
		19C28FACFE9D520D11CA2CBB /* Products */ = {
			isa = PBXGroup;
			children = (
				1D6058910D05DD3D006BFB54 /* SevenCRM.app */,
			);
			name = Products;
			sourceTree = "<group>";
		};
		29B97314FDCFA39411CA2CEA /* CustomTemplate */ = {
			isa = PBXGroup;
			children = (
				EB87FDF41871DAF40020F90C /* config.xml */,
				EB87FDF31871DA8E0020F90C /* www */,
				EB87FDF11871DA420020F90C /* Staging */,
				301BF52D109A57CC0062928A /* CordovaLib/CordovaLib.xcodeproj */,
				080E96DDFE201D6D7F000001 /* Classes */,
				307C750510C5A3420062BCA9 /* Plugins */,
				29B97315FDCFA39411CA2CEA /* Other Sources */,
				29B97317FDCFA39411CA2CEA /* Resources */,
				29B97323FDCFA39411CA2CEA /* Frameworks */,
				19C28FACFE9D520D11CA2CBB /* Products */,
			);
			name = CustomTemplate;
			sourceTree = "<group>";
		};
		29B97315FDCFA39411CA2CEA /* Other Sources */ = {
			isa = PBXGroup;
			children = (
				32CA4F630368D1EE00C91783 /* SevenCRM-Prefix.pch */,
				29B97316FDCFA39411CA2CEA /* main.m */,
				ED33DF2A687741AEAF9F8254 /* Bridging-Header.h */,
			);
			name = "Other Sources";
			path = SevenCRM;
			sourceTree = "<group>";
		};
		29B97317FDCFA39411CA2CEA /* Resources */ = {
			isa = PBXGroup;
			children = (
				0207DA571B56EA530066E2B4 /* Images.xcassets */,
				3047A50E1AB8057F00498E2A /* config */,
				8D1107310486CEB800E47090 /* SevenCRM-Info.plist */,
				6AFF5BF81D6E424B00AB3073 /* CDVLaunchScreen.storyboard */,
			);
			name = Resources;
			path = SevenCRM/Resources;
			sourceTree = "<group>";
		};
		29B97323FDCFA39411CA2CEA /* Frameworks */ = {
			isa = PBXGroup;
			children = (
				F8A7634EA3CA4F569FB44D96 /* SafariServices.framework */,
				A97BFA4A54AF4FA482A87C2B /* EventKit.framework */,
				A63A02FEDC8349A2AF86CECF /* EventKitUI.framework */,
				B9C1B62B0F4C4F9E9946870D /* libz.tbd */,
				A8B6F443472D4B8989E3ED94 /* MessageUI.framework */,
				5A26C4B9DC054DFFA0CC71CA /* WebKit.framework */,
				19972B6A270844A2AAFF6D8E /* Security.framework */,
				62A4C08B9F9646669321734F /* Foundation.framework */,
				E42BEA4CA8A5429BBF50C49D /* LocalAuthentication.framework */,
			);
			name = Frameworks;
			sourceTree = "<group>";
		};
		301BF52E109A57CC0062928A /* Products */ = {
			isa = PBXGroup;
			children = (
				301BF535109A57CC0062928A /* libCordova.a */,
				DED2BD582223A2AC0035CAB6 /* Cordova.framework */,
			);
			name = Products;
			sourceTree = "<group>";
		};
		3047A50E1AB8057F00498E2A /* config */ = {
			isa = PBXGroup;
			children = (
				3047A50F1AB8059700498E2A /* build-debug.xcconfig */,
				3047A5101AB8059700498E2A /* build-release.xcconfig */,
				3047A5111AB8059700498E2A /* build.xcconfig */,
			);
			name = config;
			sourceTree = "<group>";
		};
		307C750510C5A3420062BCA9 /* Plugins */ = {
			isa = PBXGroup;
			children = (
				63B1F514B6B14AEA99F16DA2 /* CFCallNumber.m */,
				E316135BE58E4E9AA076F3DF /* CFCallNumber.h */,
				98A7CB3B3C4E414388298461 /* CBTBrowserTab.m */,
				C910AD6DC56E4B5EA2608EE4 /* CBTBrowserTab.h */,
				B68AB1376D4F4B7A8036643F /* Calendar.m */,
				AE794259CD114A55B03DB6D1 /* Calendar.h */,
				5F2814E0C27B45AA84135A48 /* CDVDevice.m */,
				7885991990524BFC8CC0EAAD /* CDVDevice.h */,
				50EE5FD5D9E444BF95F59520 /* APPEmailComposer.m */,
				39CDE50FDCAE4F15842CDC2C /* APPEmailComposerImpl.m */,
				D204AE2B201447BC8B802366 /* APPEmailComposer.h */,
				551A948E2A0243729616760D /* APPEmailComposerImpl.h */,
				D6504C6AAA9042979BCDA487 /* CDVIonicKeyboard.m */,
				27BC19D8AB774A358E92BDE7 /* CDVIonicKeyboard.h */,
				53824A288C3040B2902DE752 /* CDVWKWebViewEngine.m */,
				13F489B55B2847D7B72804A5 /* CDVWKWebViewUIDelegate.m */,
				31F9C56062074436BBC4361D /* CDVWKProcessPoolFactory.m */,
				214BEDE648844271929DD540 /* GCDWebServer.m */,
				99C3BD1EF7E24740B50B2F2E /* GCDWebServerConnection.m */,
				C49EC5559D014E1DA9E4BCA6 /* GCDWebServerFunctions.m */,
				4CF1C4A9BC7F4D05A9042B48 /* GCDWebServerRequest.m */,
				BABABADBE953454AAC229DC6 /* GCDWebServerResponse.m */,
				4BCCF933908B4BB39C748927 /* GCDWebServerDataRequest.m */,
				E16559C5B84B4DC380AD97B7 /* GCDWebServerFileRequest.m */,
				A0F5B220EC294CD3A564A2B7 /* GCDWebServerMultiPartFormRequest.m */,
				C60E82E9A9404FF7B279F741 /* GCDWebServerURLEncodedFormRequest.m */,
				EF57237E0C8A42F7BA390C86 /* GCDWebServerDataResponse.m */,
				97A3A582B0AB49C98EFA6296 /* GCDWebServerErrorResponse.m */,
				1C8AE4F57FCD42CC9034A145 /* GCDWebServerFileResponse.m */,
				7F7145F203B14B77B44FA664 /* GCDWebServerStreamedResponse.m */,
				880346761515478AA480BA35 /* CDVWKWebViewEngine.h */,
				FDFB4CC184AA4D3AA006F6BA /* CDVWKWebViewUIDelegate.h */,
				00C1DA8F59E94777B5B92EFC /* CDVWKProcessPoolFactory.h */,
				624F37F6DCBA454B9B94180B /* GCDWebServer.h */,
				61E6511602754134B6A1EDA2 /* GCDWebServerConnection.h */,
				19BD67EDBE2A4010860EEA5A /* GCDWebServerFunctions.h */,
				9D931EF2F9C545218AAA11C7 /* GCDWebServerHTTPStatusCodes.h */,
				9BD866B2A22A4C9E81A5A278 /* GCDWebServerPrivate.h */,
				C66EF2EB643C4F8195AF87BC /* GCDWebServerRequest.h */,
				F0D546032A98462D8217B611 /* GCDWebServerResponse.h */,
				FB79532506EF4BC99A8D04D3 /* GCDWebServerDataRequest.h */,
				86AD1063DD5F464B874B69F2 /* GCDWebServerFileRequest.h */,
				C86BF20B488445C289AA6EED /* GCDWebServerMultiPartFormRequest.h */,
				50E3CDF4A3BD43BE9FCD4A92 /* GCDWebServerURLEncodedFormRequest.h */,
				3777FD0DECBF43599CF918DF /* GCDWebServerDataResponse.h */,
				55F87ABE99544551B712B880 /* GCDWebServerErrorResponse.h */,
				CA776D036F7A47D198E12F0E /* GCDWebServerFileResponse.h */,
				120184BEE2BA405E9412B0FC /* GCDWebServerStreamedResponse.h */,
				78D5EED0539E4F8EAB14DDEB /* KeychainWrapper.m */,
				24CD3A5AE6F94DAAA901AD32 /* TouchID.m */,
				E13EA13CFFD34F959FF5B96F /* KeychainWrapper.h */,
				0C06A11DE69F41708354A0D0 /* TouchID.h */,
				FAC20E25279C40EE9ABD9234 /* CDVSplashScreen.m */,
				60327BB995BD4A6EAB5B1288 /* CDVViewController+SplashScreen.m */,
				E7E651FC662D45A2BBF2F658 /* CDVSplashScreen.h */,
				8BAFE21322DA45268B8317FD /* CDVViewController+SplashScreen.h */,
				224CFBD2C9804AE5A687220C /* SQLitePlugin.m */,
				9F1A27102314446782595254 /* PSPDFThreadSafeMutableDictionary.m */,
				68F4274D27EF489EAB64C3CC /* sqlite3.c */,
				16A2627C9178449B88505E5A /* SQLitePlugin.h */,
				20B05496E195452BB4A64F57 /* PSPDFThreadSafeMutableDictionary.h */,
				76ECB900EA85485D94001ADE /* sqlite3.h */,
				BBE84420F2194E6CB45C5509 /* IonicKeyboard.m */,
				AAE16E9415F742A594166618 /* IonicKeyboard.h */,
			);
			name = Plugins;
			path = SevenCRM/Plugins;
			sourceTree = SOURCE_ROOT;
		};
		EB87FDF11871DA420020F90C /* Staging */ = {
			isa = PBXGroup;
			children = (
				F840E1F0165FE0F500CFE078 /* config.xml */,
				301BF56E109A69640062928A /* www */,
			);
			name = Staging;
			sourceTree = "<group>";
		};
/* End PBXGroup section */

/* Begin PBXNativeTarget section */
		1D6058900D05DD3D006BFB54 /* SevenCRM */ = {
			isa = PBXNativeTarget;
			buildConfigurationList = 1D6058960D05DD3E006BFB54 /* Build configuration list for PBXNativeTarget "SevenCRM" */;
			buildPhases = (
				304B58A110DAC018002A0835 /* Copy www directory */,
				1D60588D0D05DD3D006BFB54 /* Resources */,
				1D60588E0D05DD3D006BFB54 /* Sources */,
				1D60588F0D05DD3D006BFB54 /* Frameworks */,
			);
			buildRules = (
			);
			dependencies = (
				301BF551109A68C00062928A /* PBXTargetDependency */,
			);
			name = SevenCRM;
			productName = SevenCRM;
			productReference = 1D6058910D05DD3D006BFB54 /* SevenCRM.app */;
			productType = "com.apple.product-type.application";
		};
/* End PBXNativeTarget section */

/* Begin PBXProject section */
		29B97313FDCFA39411CA2CEA /* Project object */ = {
			isa = PBXProject;
			attributes = {
				LastUpgradeCheck = 510;
				TargetAttributes = {
					1D6058900D05DD3D006BFB54 = {
						DevelopmentTeam = N5X593BZ56;
						ProvisioningStyle = Automatic;
					};
				};
			};
			buildConfigurationList = C01FCF4E08A954540054247B /* Build configuration list for PBXProject "SevenCRM" */;
			compatibilityVersion = "Xcode 3.2";
			developmentRegion = English;
			hasScannedForEncodings = 1;
			knownRegions = (
				en,
			);
			mainGroup = 29B97314FDCFA39411CA2CEA /* CustomTemplate */;
			projectDirPath = "";
			projectReferences = (
				{
					ProductGroup = 301BF52E109A57CC0062928A /* Products */;
					ProjectRef = 301BF52D109A57CC0062928A /* CordovaLib/CordovaLib.xcodeproj */;
				},
			);
			projectRoot = "";
			targets = (
				1D6058900D05DD3D006BFB54 /* SevenCRM */,
			);
		};
/* End PBXProject section */

/* Begin PBXReferenceProxy section */
		301BF535109A57CC0062928A /* libCordova.a */ = {
			isa = PBXReferenceProxy;
			fileType = archive.ar;
			path = libCordova.a;
			remoteRef = 301BF534109A57CC0062928A /* PBXContainerItemProxy */;
			sourceTree = BUILT_PRODUCTS_DIR;
		};
		DED2BD582223A2AC0035CAB6 /* Cordova.framework */ = {
			isa = PBXReferenceProxy;
			fileType = wrapper.framework;
			path = Cordova.framework;
			remoteRef = DED2BD572223A2AC0035CAB6 /* PBXContainerItemProxy */;
			sourceTree = BUILT_PRODUCTS_DIR;
		};
/* End PBXReferenceProxy section */

/* Begin PBXResourcesBuildPhase section */
		1D60588D0D05DD3D006BFB54 /* Resources */ = {
			isa = PBXResourcesBuildPhase;
			buildActionMask = 2147483647;
			files = (
				302D95F214D2391D003F00A1 /* MainViewController.xib in Resources */,
				0207DA581B56EA530066E2B4 /* Images.xcassets in Resources */,
				6AFF5BF91D6E424B00AB3073 /* CDVLaunchScreen.storyboard in Resources */,
			);
			runOnlyForDeploymentPostprocessing = 0;
		};
/* End PBXResourcesBuildPhase section */

/* Begin PBXShellScriptBuildPhase section */
		304B58A110DAC018002A0835 /* Copy www directory */ = {
			isa = PBXShellScriptBuildPhase;
			buildActionMask = 2147483647;
			files = (
			);
			inputPaths = (
			);
			name = "Copy www directory";
			outputPaths = (
			);
			runOnlyForDeploymentPostprocessing = 0;
			shellPath = /bin/sh;
			shellScript = "NODEJS_PATH=/usr/local/bin; NVM_NODE_PATH=~/.nvm/versions/node/`nvm version 2>/dev/null`/bin; N_NODE_PATH=`find /usr/local/n/versions/node/* -maxdepth 0 -type d 2>/dev/null | tail -1`/bin; XCODE_NODE_PATH=`xcode-select --print-path`/usr/share/xcs/Node/bin; PATH=$NODEJS_PATH:$NVM_NODE_PATH:$N_NODE_PATH:$XCODE_NODE_PATH:$PATH && node cordova/lib/copy-www-build-step.js";
			showEnvVarsInLog = 0;
		};
/* End PBXShellScriptBuildPhase section */

/* Begin PBXSourcesBuildPhase section */
		1D60588E0D05DD3D006BFB54 /* Sources */ = {
			isa = PBXSourcesBuildPhase;
			buildActionMask = 2147483647;
			files = (
				1D60589B0D05DD56006BFB54 /* main.m in Sources */,
				1D3623260D0F684500981E51 /* AppDelegate.m in Sources */,
				302D95F114D2391D003F00A1 /* MainViewController.m in Sources */,
				A0F321B1ECE847639D2E264F /* CFCallNumber.m in Sources */,
				176637FCBC72426892E1755D /* CBTBrowserTab.m in Sources */,
				C0666EC356EE426EB47B7F70 /* Calendar.m in Sources */,
				A21F119C68534CF9A703F079 /* CDVDevice.m in Sources */,
				CF1EE69553224FAFA914010A /* APPEmailComposer.m in Sources */,
				83F2053B7CE84C8DB74677D3 /* APPEmailComposerImpl.m in Sources */,
				1A1E6CA6963C468DA85B5546 /* CDVIonicKeyboard.m in Sources */,
				07575BCAAD9247E1B92634C2 /* CDVWKWebViewEngine.m in Sources */,
				4A274327F8CE408B9ED1C9D0 /* CDVWKWebViewUIDelegate.m in Sources */,
				F2BB0BD5BF2245DD80B2223C /* CDVWKProcessPoolFactory.m in Sources */,
				2F429805783C4D4EBA564053 /* GCDWebServer.m in Sources */,
				F23EF78C7C7B49218E9D8E1A /* GCDWebServerConnection.m in Sources */,
				88984343702E4AB6ACF1BF87 /* GCDWebServerFunctions.m in Sources */,
				5BEE263918BD454281A4C079 /* GCDWebServerRequest.m in Sources */,
				114B8F6ED4A0449DBBD0B398 /* GCDWebServerResponse.m in Sources */,
				41ECF4F2E2C14C19867B95BC /* GCDWebServerDataRequest.m in Sources */,
				B8FC5A55E1B14CC598DDA8A9 /* GCDWebServerFileRequest.m in Sources */,
				D9F9747755B245FDBB1F49B5 /* GCDWebServerMultiPartFormRequest.m in Sources */,
				88E18D9EE17549D39B11E3B2 /* GCDWebServerURLEncodedFormRequest.m in Sources */,
				EF93B4E4995D4F84BD0725C0 /* GCDWebServerDataResponse.m in Sources */,
				DFC62A12C1DC436FA21CC0B1 /* GCDWebServerErrorResponse.m in Sources */,
				0239E81898E7421B86B68B1C /* GCDWebServerFileResponse.m in Sources */,
				10BD87DBE3474CBE94CF7CC7 /* GCDWebServerStreamedResponse.m in Sources */,
				7E1A2CB515DF4AB5B86B9B84 /* KeychainWrapper.m in Sources */,
				9D28B63518CD4AE1919E7EC9 /* TouchID.m in Sources */,
				DC65C6950E604B51A3F281C0 /* CDVSplashScreen.m in Sources */,
				6C7B40E2D68C4AD2AE4EC785 /* CDVViewController+SplashScreen.m in Sources */,
				9D7C42692C2E4170942E8F17 /* SQLitePlugin.m in Sources */,
				CAF5326CE8EC4B4AA68388AA /* PSPDFThreadSafeMutableDictionary.m in Sources */,
				3D92757E844847239089F601 /* sqlite3.c in Sources */,
				18C075D6E23443FDABDADD2B /* IonicKeyboard.m in Sources */,
			);
			runOnlyForDeploymentPostprocessing = 0;
		};
/* End PBXSourcesBuildPhase section */

/* Begin PBXTargetDependency section */
		301BF551109A68C00062928A /* PBXTargetDependency */ = {
			isa = PBXTargetDependency;
			name = CordovaLib;
			targetProxy = 301BF550109A68C00062928A /* PBXContainerItemProxy */;
		};
/* End PBXTargetDependency section */

/* Begin XCBuildConfiguration section */
		1D6058940D05DD3E006BFB54 /* Debug */ = {
			isa = XCBuildConfiguration;
			baseConfigurationReference = 3047A50F1AB8059700498E2A /* build-debug.xcconfig */;
			buildSettings = {
				ALWAYS_SEARCH_USER_PATHS = NO;
				ASSETCATALOG_COMPILER_APPICON_NAME = AppIcon;
				ASSETCATALOG_COMPILER_LAUNCHIMAGE_NAME = LaunchImage;
				CLANG_ENABLE_MODULES = YES;
				CLANG_ENABLE_OBJC_ARC = YES;
				CODE_SIGN_IDENTITY = "iPhone Developer";
				CODE_SIGN_STYLE = Automatic;
				COPY_PHASE_STRIP = NO;
				DEVELOPMENT_TEAM = N5X593BZ56;
				GCC_DYNAMIC_NO_PIC = NO;
				GCC_OPTIMIZATION_LEVEL = 0;
				GCC_PRECOMPILE_PREFIX_HEADER = YES;
				GCC_PREFIX_HEADER = "SevenCRM/SevenCRM-Prefix.pch";
				GCC_THUMB_SUPPORT = NO;
				GCC_VERSION = "";
				INFOPLIST_FILE = "SevenCRM/SevenCRM-Info.plist";
				IPHONEOS_DEPLOYMENT_TARGET = 9.0;
				LD_RUNPATH_SEARCH_PATHS = "@executable_path/Frameworks";
				PRODUCT_NAME = SevenCRM;
				PROVISIONING_PROFILE_SPECIFIER = "";
				TARGETED_DEVICE_FAMILY = "1,2";
			};
			name = Debug;
		};
		1D6058950D05DD3E006BFB54 /* Release */ = {
			isa = XCBuildConfiguration;
			baseConfigurationReference = 3047A5101AB8059700498E2A /* build-release.xcconfig */;
			buildSettings = {
				ALWAYS_SEARCH_USER_PATHS = NO;
				ASSETCATALOG_COMPILER_APPICON_NAME = AppIcon;
				ASSETCATALOG_COMPILER_LAUNCHIMAGE_NAME = LaunchImage;
				CLANG_ENABLE_MODULES = YES;
				CLANG_ENABLE_OBJC_ARC = YES;
				CODE_SIGN_IDENTITY = "iPhone Developer";
				CODE_SIGN_STYLE = Automatic;
				COPY_PHASE_STRIP = YES;
				DEVELOPMENT_TEAM = N5X593BZ56;
				GCC_PRECOMPILE_PREFIX_HEADER = YES;
				GCC_PREFIX_HEADER = "SevenCRM/SevenCRM-Prefix.pch";
				GCC_THUMB_SUPPORT = NO;
				GCC_VERSION = "";
				INFOPLIST_FILE = "SevenCRM/SevenCRM-Info.plist";
				IPHONEOS_DEPLOYMENT_TARGET = 9.0;
				LD_RUNPATH_SEARCH_PATHS = "@executable_path/Frameworks";
				PRODUCT_NAME = SevenCRM;
				PROVISIONING_PROFILE_SPECIFIER = "";
				TARGETED_DEVICE_FAMILY = "1,2";
			};
			name = Release;
		};
		C01FCF4F08A954540054247B /* Debug */ = {
			isa = XCBuildConfiguration;
			baseConfigurationReference = 3047A5111AB8059700498E2A /* build.xcconfig */;
			buildSettings = {
				CLANG_ENABLE_MODULES = YES;
				CLANG_ENABLE_OBJC_ARC = YES;
				CLANG_WARN_BOOL_CONVERSION = YES;
				CLANG_WARN_CONSTANT_CONVERSION = YES;
				CLANG_WARN_EMPTY_BODY = YES;
				CLANG_WARN_ENUM_CONVERSION = YES;
				CLANG_WARN_INT_CONVERSION = YES;
				CLANG_WARN__DUPLICATE_METHOD_MATCH = YES;
				GCC_C_LANGUAGE_STANDARD = c99;
				GCC_THUMB_SUPPORT = NO;
				GCC_VERSION = "";
				GCC_WARN_ABOUT_RETURN_TYPE = YES;
				GCC_WARN_UNDECLARED_SELECTOR = YES;
				GCC_WARN_UNINITIALIZED_AUTOS = YES;
				GCC_WARN_UNUSED_FUNCTION = YES;
				GCC_WARN_UNUSED_VARIABLE = YES;
				ONLY_ACTIVE_ARCH = YES;
				SDKROOT = iphoneos;
				SKIP_INSTALL = NO;
			};
			name = Debug;
		};
		C01FCF5008A954540054247B /* Release */ = {
			isa = XCBuildConfiguration;
			baseConfigurationReference = 3047A5111AB8059700498E2A /* build.xcconfig */;
			buildSettings = {
				CLANG_ENABLE_MODULES = YES;
				CLANG_ENABLE_OBJC_ARC = YES;
				CLANG_WARN_BOOL_CONVERSION = YES;
				CLANG_WARN_CONSTANT_CONVERSION = YES;
				CLANG_WARN_EMPTY_BODY = YES;
				CLANG_WARN_ENUM_CONVERSION = YES;
				CLANG_WARN_INT_CONVERSION = YES;
				CLANG_WARN__DUPLICATE_METHOD_MATCH = YES;
				GCC_C_LANGUAGE_STANDARD = c99;
				GCC_THUMB_SUPPORT = NO;
				GCC_VERSION = "";
				GCC_WARN_ABOUT_RETURN_TYPE = YES;
				GCC_WARN_UNDECLARED_SELECTOR = YES;
				GCC_WARN_UNINITIALIZED_AUTOS = YES;
				GCC_WARN_UNUSED_FUNCTION = YES;
				GCC_WARN_UNUSED_VARIABLE = YES;
				SDKROOT = iphoneos;
				SKIP_INSTALL = NO;
			};
			name = Release;
		};
/* End XCBuildConfiguration section */

/* Begin XCConfigurationList section */
		1D6058960D05DD3E006BFB54 /* Build configuration list for PBXNativeTarget "SevenCRM" */ = {
			isa = XCConfigurationList;
			buildConfigurations = (
				1D6058940D05DD3E006BFB54 /* Debug */,
				1D6058950D05DD3E006BFB54 /* Release */,
			);
			defaultConfigurationIsVisible = 0;
			defaultConfigurationName = Release;
		};
		C01FCF4E08A954540054247B /* Build configuration list for PBXProject "SevenCRM" */ = {
			isa = XCConfigurationList;
			buildConfigurations = (
				C01FCF4F08A954540054247B /* Debug */,
				C01FCF5008A954540054247B /* Release */,
			);
			defaultConfigurationIsVisible = 0;
			defaultConfigurationName = Release;
		};
/* End XCConfigurationList section */
	};
	rootObject = 29B97313FDCFA39411CA2CEA /* Project object */;
}
